# THIS IS AN AUTOGENERATED FILE. DO NOT EDIT THIS FILE DIRECTLY.
# yarn lockfile v1


"@types/prop-types@*":
  version "15.7.5"
  resolved "https://registry.yarnpkg.com/@types/prop-types/-/prop-types-15.7.5.tgz#5f19d2b85a98e9558036f6a3cacc8819420f05cf"
  integrity sha512-JCB8C6SnDoQf0cNycqd/35A7MjcnK+ZTqE7judS6o7utxUCg6imJg3QK2qzHKszlTjcj2cn+NwMB2i96ubpj7w==

"@types/react-native@^0.63.3":
  version "0.63.67"
  resolved "https://registry.yarnpkg.com/@types/react-native/-/react-native-0.63.67.tgz#e0361342f5c6f92f095ec11f47b5de6326237de8"
  integrity sha512-9FcODPBWmpAM/nmggzHyUVNOOqa8YjSuUWLoI5ymYaaNwNif7xmaz1HnXGkQ1HUqB2XtPl02i9j801wekF8tcw==
  dependencies:
    "@types/react" "^16"

"@types/react@^16", "@types/react@^16.13.1":
  version "16.14.35"
  resolved "https://registry.yarnpkg.com/@types/react/-/react-16.14.35.tgz#9d3cf047d85aca8006c4776693124a5be90ee429"
  integrity sha512-NUEiwmSS1XXtmBcsm1NyRRPYjoZF2YTE89/5QiLt5mlGffYK9FQqOKuOLuXNrjPQV04oQgaZG+Yq02ZfHoFyyg==
  dependencies:
    "@types/prop-types" "*"
    "@types/scheduler" "*"
    csstype "^3.0.2"

"@types/scheduler@*":
  version "0.16.2"
  resolved "https://registry.yarnpkg.com/@types/scheduler/-/scheduler-0.16.2.tgz#1a62f89525723dde24ba1b01b092bf5df8ad4d39"
  integrity sha512-hppQEBDmlwhFAXKJX2KnWLYu5yMfi91yazPb2l+lbJiwW+wdo1gNeRA+3RgNSO39WYX2euey41KEwnqesU2Jew==

csstype@^3.0.2:
  version "3.1.1"
  resolved "https://registry.yarnpkg.com/csstype/-/csstype-3.1.1.tgz#841b532c45c758ee546a11d5bd7b7b473c8c30b9"
  integrity sha512-DJR/VvkAvSZW9bTouZue2sSxDwdTN92uHjqeKVm+0dAqdfNykRzQ95tay8aXMBAAPpUiq4Qcug2L7neoRh2Egw==

react-native-fadeview-wrapper@^1.0.7:
  version "1.0.7"
  resolved "https://registry.yarnpkg.com/react-native-fadeview-wrapper/-/react-native-fadeview-wrapper-1.0.7.tgz#7e57d6e85f5134ae36e16917ce93054fd49f8b4e"
  integrity sha512-5QfiAqrCOl8QAr1BT/AYT1ZkjO+68yerlTlWe+SAQlMDJrjZhdoTAa+489UwjVm55TVWZrwquJKchsiqftU7qw==

typescript@^4.7.4:
  version "4.9.5"
  resolved "https://registry.yarnpkg.com/typescript/-/typescript-4.9.5.tgz#095979f9bcc0d09da324d58d03ce8f8374cbe65a"
  integrity sha512-1FXk9E2Hm+QzZQ7z+McJiHL4NW1F2EzMu9Nq9i3zAaGqibafqYwCVU6WyWAuyQRRzOlxou8xZSyXLEN8oKj24g==
